
Microsoft Visual Studio Solution File, Format Version 12.00
# Visual Studio Express 2012 for Windows Desktop
Project("{FAE04EC0-301F-11D3-BF4B-00C04F79EFBC}") = "LSQ_Features", "LSQ_Features\LSQ_Features.csproj", "{6AEB3F02-A0A5-4A7E-82B8-2C3CBE046B21}"
EndProject
Global
	GlobalSection(SolutionConfigurationPlatforms) = preSolution
		Debug|Any CPU = Debug|Any CPU
		Release|Any CPU = Release|Any CPU
		Release-Signed|Any CPU = Release-Signed|Any CPU
	EndGlobalSection
	GlobalSection(ProjectConfigurationPlatforms) = postSolution
		{6AEB3F02-A0A5-4A7E-82B8-2C3CBE046B21}.Debug|Any CPU.ActiveCfg = Debug|Any CPU
		{6AEB3F02-A0A5-4A7E-82B8-2C3CBE046B21}.Debug|Any CPU.Build.0 = Debug|Any CPU
		{6AEB3F02-A0A5-4A7E-82B8-2C3CBE046B21}.Release|Any CPU.ActiveCfg = Release|Any CPU
		{6AEB3F02-A0A5-4A7E-82B8-2C3CBE046B21}.Release|Any CPU.Build.0 = Release|Any CPU
		{6AEB3F02-A0A5-4A7E-82B8-2C3CBE046B21}.Release-Signed|Any CPU.ActiveCfg = Release|Any CPU
		{6AEB3F02-A0A5-4A7E-82B8-2C3CBE046B21}.Release-Signed|Any CPU.Build.0 = Release|Any CPU
	EndGlobalSection
	GlobalSection(SolutionProperties) = preSolution
		HideSolutionNode = FALSE
	EndGlobalSection
EndGlobal
